PODS:
  - FBSnapshotTestCase (2.1.2):
    - FBSnapshotTestCase/SwiftSupport (= 2.1.2)
  - FBSnapshotTestCase/Core (2.1.2)
  - FBSnapshotTestCase/SwiftSupport (2.1.2):
    - FBSnapshotTestCase/Core
  - NUIParse (1.3)

DEPENDENCIES:
  - FBSnapshotTestCase (from `https://github.com/broadwaylamb/ios-snapshot-test-case.git`, branch `swift3-beta-6`)
  - NUIParse

EXTERNAL SOURCES:
  FBSnapshotTestCase:
    :branch: swift3-beta-6
    :git: https://github.com/broadwaylamb/ios-snapshot-test-case.git

CHECKOUT OPTIONS:
  FBSnapshotTestCase:
    :commit: fa170d0d0cbf3b81be05c44495a398123465943d
    :git: https://github.com/broadwaylamb/ios-snapshot-test-case.git

SPEC CHECKSUMS:
  FBSnapshotTestCase: d853c7b69136cbd377d062567d4a8a4ce919d45a
  NUIParse: 2e3885ba7807477266396292626bd387d34c2338

PODFILE CHECKSUM: 9586e7dedbd1d705fe4192411b26b38d063a6203

COCOAPODS: 1.0.1
